
Microsoft Visual Studio Solution File, Format Version 12.00
# Visual Studio Version 16
VisualStudioVersion = 16.0.31702.278
MinimumVisualStudioVersion = 10.0.40219.1
Project("{FAE04EC0-301F-11D3-BF4B-00C04F79EFBC}") = "Lab10WpfApp", "Lab10WpfApp\Lab10WpfApp.csproj", "{7B8BDD41-C788-45EA-8AF6-EE052426C7AD}"
EndProject
Global
	GlobalSection(SolutionConfigurationPlatforms) = preSolution
		Debug|Any CPU = Debug|Any CPU
		Release|Any CPU = Release|Any CPU
	EndGlobalSection
	GlobalSection(ProjectConfigurationPlatforms) = postSolution
		{7B8BDD41-C788-45EA-8AF6-EE052426C7AD}.Debug|Any CPU.ActiveCfg = Debug|Any CPU
		{7B8BDD41-C788-45EA-8AF6-EE052426C7AD}.Debug|Any CPU.Build.0 = Debug|Any CPU
		{7B8BDD41-C788-45EA-8AF6-EE052426C7AD}.Release|Any CPU.ActiveCfg = Release|Any CPU
		{7B8BDD41-C788-45EA-8AF6-EE052426C7AD}.Release|Any CPU.Build.0 = Release|Any CPU
	EndGlobalSection
	GlobalSection(SolutionProperties) = preSolution
		HideSolutionNode = FALSE
	EndGlobalSection
	GlobalSection(ExtensibilityGlobals) = postSolution
		SolutionGuid = {A01C024D-C57E-43C0-87AD-F4AE716697D6}
	EndGlobalSection
EndGlobal
